<?xml version="1.0"?>
<CodeBlocks_project_file>
	<FileVersion major="1" minor="6" />
	<Project>
		<Option title="ejemplo1" />
		<Option makefile="makefile" />
		<Option pch_mode="2" />
		<Option compiler="gcc" />
		<Option virtualFolders="addons\;src\;" />
		<Build>
			<Target title="release">
				<Option output="bin\$(PROJECT_NAME)" prefix_auto="1" extension_auto="1" />
				<Option working_dir="bin" />
				<Option object_output="obj\release" />
				<Option external_deps="..\..\openFrameworks\libs\openFrameworksCompiled\lib\win_cb\openFrameworks.lib;" />
				<Option type="1" />
				<Option compiler="gcc" />
				<Option projectLinkerOptionsRelation="2" />
				<Compiler>
					<Add option="-O2" />
				</Compiler>
				<Linker>
					<Add option="-s" />
					<Add option="../../openFrameworks/libs/openFrameworksCompiled/lib/win_cb/openFrameworks.lib" />
				</Linker>
			</Target>
			<Target title="debug">
				<Option output="bin\$(PROJECT_NAME)_DEBUG" prefix_auto="1" extension_auto="1" />
				<Option working_dir="bin" />
				<Option object_output="obj\debug\" />
				<Option external_deps="..\..\openFrameworks\libs\openFrameworksCompiled\lib\win_cb\openFrameworksDebug.lib;" />
				<Option type="1" />
				<Option compiler="gcc" />
				<Option projectLinkerOptionsRelation="2" />
				<Compiler>
					<Add option="-g" />
				</Compiler>
				<Linker>
					<Add option="../../openFrameworks/libs/openFrameworksCompiled/lib/win_cb/openFrameworksDebug.lib" />
				</Linker>
			</Target>
		</Build>
		<Compiler>
			<Add option="-Wno-multichar" />
			<Add directory="..\..\openFrameworks\libs\glu\include" />
			<Add directory="..\..\openFrameworks\libs\freetype\include" />
			<Add directory="..\..\openFrameworks\libs\freetype\include\freetype2" />
			<Add directory="..\..\openFrameworks\libs\FreeImage\include" />
			<Add directory="..\..\openFrameworks\libs\quicktime\include" />
			<Add directory="..\..\openFrameworks\libs\rtAudio\include" />
			<Add directory="..\..\openFrameworks\libs\fmodex\include" />
			<Add directory="..\..\openFrameworks\libs\videoInput\include" />
			<Add directory="..\..\openFrameworks\libs\glew\include" />
			<Add directory="..\..\openFrameworks\libs\glut\include" />
			<Add directory="..\..\openFrameworks\libs\openFrameworks" />
			<Add directory="..\..\openFrameworks\libs\openFrameworks\3d" />
			<Add directory="..\..\openFrameworks\libs\openFrameworks\app" />
			<Add directory="..\..\openFrameworks\libs\openFrameworks\communication" />
			<Add directory="..\..\openFrameworks\libs\openFrameworks\events" />
			<Add directory="..\..\openFrameworks\libs\openFrameworks\gl" />
			<Add directory="..\..\openFrameworks\libs\openFrameworks\graphics" />
			<Add directory="..\..\openFrameworks\libs\openFrameworks\math" />
			<Add directory="..\..\openFrameworks\libs\openFrameworks\sound" />
			<Add directory="..\..\openFrameworks\libs\openFrameworks\types" />
			<Add directory="..\..\openFrameworks\libs\openFrameworks\utils" />
			<Add directory="..\..\openFrameworks\libs\openFrameworks\video" />
			<Add directory="..\..\openFrameworks\libs\poco\include" />
			<Add directory="..\..\openFrameworks\libs\tess2\include" />
			<Add directory="..\..\openFrameworks\libs\cairo\include\cairo" />
		</Compiler>
		<Linker>
			<Add library="..\..\openFrameworks\libs\FreeImage\lib\win_cb\FreeImage.lib" />
			<Add library="..\..\openFrameworks\libs\rtAudio\lib\win_cb\librtaudio.a" />
			<Add library="..\..\openFrameworks\libs\quicktime\lib\win_cb\qtmlClient.lib" />
			<Add library="..\..\openFrameworks\libs\cairo\lib\win_cb\libcairo.a" />
			<Add library="..\..\openFrameworks\libs\cairo\lib\win_cb\libpixman-1.a" />
			<Add library="..\..\openFrameworks\libs\freetype\lib\win_cb\libfreetype.a" />
			<Add library="..\..\openFrameworks\libs\glut\lib\win_cb\libglut.a" />
			<Add library="..\..\openFrameworks\libs\videoInput\lib\win_cb\videoInputLib.a" />
			<Add library="..\..\openFrameworks\libs\fmodex\lib\win_cb\libfmodex.a" />
			<Add library="..\..\openFrameworks\libs\glew\lib\win_cb\glew32s.lib" />
			<Add library="..\..\openFrameworks\libs\glu\lib\win_cb\glu32.lib" />
			<Add library="..\..\openFrameworks\libs\poco\lib\win_cb\libPocoNet.a" />
			<Add library="..\..\openFrameworks\libs\poco\lib\win_cb\libPocoUtil.a" />
			<Add library="..\..\openFrameworks\libs\poco\lib\win_cb\libPocoXML.a" />
			<Add library="..\..\openFrameworks\libs\poco\lib\win_cb\libPocoFoundation.a" />
			<Add library="..\..\openFrameworks\libs\tess2\lib\win_cb\libtess2.a" />
			<Add library="opengl32" />
			<Add library="gdi32" />
			<Add library="msimg32" />
			<Add library="glu32" />
			<Add library="dsound" />
			<Add library="winmm" />
			<Add library="dxguid" />
			<Add library="strmbase" />
			<Add library="strmiids" />
			<Add library="z" />
			<Add library="uuid" />
			<Add library="ole32" />
			<Add library="oleaut32" />
			<Add library="setupapi" />
			<Add library="wsock32" />
			<Add library="ws2_32" />
			<Add library="Iphlpapi" />
			<Add library="Comdlg32" />
		</Linker>
		<ExtraCommands>
			<Add after="xcopy /e /i /y &quot;$(PROJECT_DIR)..\..\openFrameworks\export\win_cb\*.dll&quot;  &quot;$(PROJECT_DIR)bin&quot;" />
			<Add after="cmd /c if not exist &quot;$(PROJECT_DIR)bin/data&quot; mkdir &quot;$(PROJECT_DIR)bin/data&quot;" />
			<Mode after="always" />
		</ExtraCommands>
		<Unit filename="src\main.cpp">
			<Option virtualFolder="src" />
		</Unit>
		<Unit filename="src\testApp.cpp">
			<Option virtualFolder="src" />
		</Unit>
		<Unit filename="src\testApp.h">
			<Option virtualFolder="src" />
		</Unit>
		<Extensions>
			<code_completion />
			<debugger />
			<envvars />
		</Extensions>
	</Project>
</CodeBlocks_project_file>
